
Microsoft Visual Studio Solution File, Format Version 12.00
# Visual Studio 15
VisualStudioVersion = 15.0.28307.757
MinimumVisualStudioVersion = 10.0.40219.1
Project("{9A19103F-16F7-4668-BE54-9A1E7A4F7556}") = "VikingVault.API", "VikingVault.API\VikingVault.API.csproj", "{8EC9F3D1-DF16-4F18-ABC7-3FD9302502CF}"
EndProject
Project("{FAE04EC0-301F-11D3-BF4B-00C04F79EFBC}") = "VikingVault.DataAccess", "VikingVault.DataAccess\VikingVault.DataAccess.csproj", "{887B1031-7FD1-48EC-9088-D8B7FC754868}"
EndProject
Project("{FAE04EC0-301F-11D3-BF4B-00C04F79EFBC}") = "VikingVault.Services", "VikingVault.Services\VikingVault.Services.csproj", "{1575E696-0CE9-4431-A8A0-775EA9937CAD}"
EndProject
Global
	GlobalSection(SolutionConfigurationPlatforms) = preSolution
		Debug|Any CPU = Debug|Any CPU
		Release|Any CPU = Release|Any CPU
	EndGlobalSection
	GlobalSection(ProjectConfigurationPlatforms) = postSolution
		{8EC9F3D1-DF16-4F18-ABC7-3FD9302502CF}.Debug|Any CPU.ActiveCfg = Debug|Any CPU
		{8EC9F3D1-DF16-4F18-ABC7-3FD9302502CF}.Debug|Any CPU.Build.0 = Debug|Any CPU
		{8EC9F3D1-DF16-4F18-ABC7-3FD9302502CF}.Release|Any CPU.ActiveCfg = Release|Any CPU
		{8EC9F3D1-DF16-4F18-ABC7-3FD9302502CF}.Release|Any CPU.Build.0 = Release|Any CPU
		{887B1031-7FD1-48EC-9088-D8B7FC754868}.Debug|Any CPU.ActiveCfg = Debug|Any CPU
		{887B1031-7FD1-48EC-9088-D8B7FC754868}.Debug|Any CPU.Build.0 = Debug|Any CPU
		{887B1031-7FD1-48EC-9088-D8B7FC754868}.Release|Any CPU.ActiveCfg = Release|Any CPU
		{887B1031-7FD1-48EC-9088-D8B7FC754868}.Release|Any CPU.Build.0 = Release|Any CPU
		{1575E696-0CE9-4431-A8A0-775EA9937CAD}.Debug|Any CPU.ActiveCfg = Debug|Any CPU
		{1575E696-0CE9-4431-A8A0-775EA9937CAD}.Debug|Any CPU.Build.0 = Debug|Any CPU
		{1575E696-0CE9-4431-A8A0-775EA9937CAD}.Release|Any CPU.ActiveCfg = Release|Any CPU
		{1575E696-0CE9-4431-A8A0-775EA9937CAD}.Release|Any CPU.Build.0 = Release|Any CPU
	EndGlobalSection
	GlobalSection(SolutionProperties) = preSolution
		HideSolutionNode = FALSE
	EndGlobalSection
	GlobalSection(ExtensibilityGlobals) = postSolution
		SolutionGuid = {82F6DDB1-0C07-4478-AA9D-6E12863B7A74}
	EndGlobalSection
EndGlobal
